// !$*UTF8*$!
{
	archiveVersion = 1;
	classes = {
	};
	objectVersion = 46;
	objects = {

/* Begin PBXBuildFile section */
		C63407E7193FCE670071DC29 /* http.swift in Sources */ = {isa = PBXBuildFile; fileRef = C63407E6193FCE670071DC29 /* http.swift */; };
		C63407E9193FF1180071DC29 /* socket.swift in Sources */ = {isa = PBXBuildFile; fileRef = C63407E8193FF1180071DC29 /* socket.swift */; };
		C66817AD193E38BE00B23C92 /* main.swift in Sources */ = {isa = PBXBuildFile; fileRef = C66817AC193E38BE00B23C92 /* main.swift */; };
/* End PBXBuildFile section */

/* Begin PBXCopyFilesBuildPhase section */
		C66817A7193E38BE00B23C92 /* CopyFiles */ = {
			isa = PBXCopyFilesBuildPhase;
			buildActionMask = 2147483647;
			dstPath = /usr/share/man/man1/;
			dstSubfolderSpec = 0;
			files = (
			);
			runOnlyForDeploymentPostprocessing = 1;
		};
/* End PBXCopyFilesBuildPhase section */

/* Begin PBXFileReference section */
		C63407E6193FCE670071DC29 /* http.swift */ = {isa = PBXFileReference; fileEncoding = 4; lastKnownFileType = sourcecode.swift; path = http.swift; sourceTree = "<group>"; };
		C63407E8193FF1180071DC29 /* socket.swift */ = {isa = PBXFileReference; fileEncoding = 4; lastKnownFileType = sourcecode.swift; path = socket.swift; sourceTree = "<group>"; };
		C66817A9193E38BE00B23C92 /* Hummingbird */ = {isa = PBXFileReference; explicitFileType = "compiled.mach-o.executable"; includeInIndex = 0; path = Hummingbird; sourceTree = BUILT_PRODUCTS_DIR; };
		C66817AC193E38BE00B23C92 /* main.swift */ = {isa = PBXFileReference; lastKnownFileType = sourcecode.swift; path = main.swift; sourceTree = "<group>"; };
/* End PBXFileReference section */

/* Begin PBXFrameworksBuildPhase section */
		C66817A6193E38BE00B23C92 /* Frameworks */ = {
			isa = PBXFrameworksBuildPhase;
			buildActionMask = 2147483647;
			files = (
			);
			runOnlyForDeploymentPostprocessing = 0;
		};
/* End PBXFrameworksBuildPhase section */

/* Begin PBXGroup section */
		C66817A0193E38BE00B23C92 = {
			isa = PBXGroup;
			children = (
				C66817AB193E38BE00B23C92 /* Hummingbird */,
				C66817AA193E38BE00B23C92 /* Products */,
			);
			sourceTree = "<group>";
		};
		C66817AA193E38BE00B23C92 /* Products */ = {
			isa = PBXGroup;
			children = (
				C66817A9193E38BE00B23C92 /* Hummingbird */,
			);
			name = Products;
			sourceTree = "<group>";
		};
		C66817AB193E38BE00B23C92 /* Hummingbird */ = {
			isa = PBXGroup;
			children = (
				C66817AC193E38BE00B23C92 /* main.swift */,
				C63407E8193FF1180071DC29 /* socket.swift */,
				C63407E6193FCE670071DC29 /* http.swift */,
			);
			path = Hummingbird;
			sourceTree = "<group>";
		};
/* End PBXGroup section */

/* Begin PBXNativeTarget section */
		C66817A8193E38BE00B23C92 /* Hummingbird */ = {
			isa = PBXNativeTarget;
			buildConfigurationList = C66817B0193E38BE00B23C92 /* Build configuration list for PBXNativeTarget "Hummingbird" */;
			buildPhases = (
				C66817A5193E38BE00B23C92 /* Sources */,
				C66817A6193E38BE00B23C92 /* Frameworks */,
				C66817A7193E38BE00B23C92 /* CopyFiles */,
			);
			buildRules = (
			);
			dependencies = (
			);
			name = Hummingbird;
			productName = Hummingbird;
			productReference = C66817A9193E38BE00B23C92 /* Hummingbird */;
			productType = "com.apple.product-type.tool";
		};
/* End PBXNativeTarget section */

/* Begin PBXProject section */
		C66817A1193E38BE00B23C92 /* Project object */ = {
			isa = PBXProject;
			attributes = {
				LastUpgradeCheck = 0600;
				ORGANIZATIONNAME = NegativeZero;
				TargetAttributes = {
					C66817A8193E38BE00B23C92 = {
						CreatedOnToolsVersion = 6.0;
					};
				};
			};
			buildConfigurationList = C66817A4193E38BE00B23C92 /* Build configuration list for PBXProject "Hummingbird" */;
			compatibilityVersion = "Xcode 3.2";
			developmentRegion = English;
			hasScannedForEncodings = 0;
			knownRegions = (
				en,
			);
			mainGroup = C66817A0193E38BE00B23C92;
			productRefGroup = C66817AA193E38BE00B23C92 /* Products */;
			projectDirPath = "";
			projectRoot = "";
			targets = (
				C66817A8193E38BE00B23C92 /* Hummingbird */,
			);
		};
/* End PBXProject section */

/* Begin PBXSourcesBuildPhase section */
		C66817A5193E38BE00B23C92 /* Sources */ = {
			isa = PBXSourcesBuildPhase;
			buildActionMask = 2147483647;
			files = (
				C66817AD193E38BE00B23C92 /* main.swift in Sources */,
				C63407E7193FCE670071DC29 /* http.swift in Sources */,
				C63407E9193FF1180071DC29 /* socket.swift in Sources */,
			);
			runOnlyForDeploymentPostprocessing = 0;
		};
/* End PBXSourcesBuildPhase section */

/* Begin XCBuildConfiguration section */
		C66817AE193E38BE00B23C92 /* Debug */ = {
			isa = XCBuildConfiguration;
			buildSettings = {
				ALWAYS_SEARCH_USER_PATHS = NO;
				CLANG_CXX_LANGUAGE_STANDARD = "gnu++0x";
				CLANG_CXX_LIBRARY = "libc++";
				CLANG_ENABLE_MODULES = YES;
				CLANG_ENABLE_OBJC_ARC = YES;
				CLANG_WARN_BOOL_CONVERSION = YES;
				CLANG_WARN_CONSTANT_CONVERSION = YES;
				CLANG_WARN_DIRECT_OBJC_ISA_USAGE = YES_ERROR;
				CLANG_WARN_EMPTY_BODY = YES;
				CLANG_WARN_ENUM_CONVERSION = YES;
				CLANG_WARN_INT_CONVERSION = YES;
				CLANG_WARN_OBJC_ROOT_CLASS = YES_ERROR;
				CLANG_WARN_UNREACHABLE_CODE = YES;
				CLANG_WARN__DUPLICATE_METHOD_MATCH = YES;
				COPY_PHASE_STRIP = NO;
				ENABLE_STRICT_OBJC_MSGSEND = YES;
				GCC_C_LANGUAGE_STANDARD = gnu99;
				GCC_DYNAMIC_NO_PIC = NO;
				GCC_OPTIMIZATION_LEVEL = 0;
				GCC_PREPROCESSOR_DEFINITIONS = (
					"DEBUG=1",
					"$(inherited)",
				);
				GCC_SYMBOLS_PRIVATE_EXTERN = NO;
				GCC_WARN_64_TO_32_BIT_CONVERSION = YES;
				GCC_WARN_ABOUT_RETURN_TYPE = YES_ERROR;
				GCC_WARN_UNDECLARED_SELECTOR = YES;
				GCC_WARN_UNINITIALIZED_AUTOS = YES_AGGRESSIVE;
				GCC_WARN_UNUSED_FUNCTION = YES;
				GCC_WARN_UNUSED_VARIABLE = YES;
				MACOSX_DEPLOYMENT_TARGET = 10.9;
				METAL_ENABLE_DEBUG_INFO = YES;
				ONLY_ACTIVE_ARCH = YES;
				SDKROOT = macosx;
				SWIFT_OPTIMIZATION_LEVEL = "-Onone";
			};
			name = Debug;
		};
		C66817AF193E38BE00B23C92 /* Release */ = {
			isa = XCBuildConfiguration;
			buildSettings = {
				ALWAYS_SEARCH_USER_PATHS = NO;
				CLANG_CXX_LANGUAGE_STANDARD = "gnu++0x";
				CLANG_CXX_LIBRARY = "libc++";
				CLANG_ENABLE_MODULES = YES;
				CLANG_ENABLE_OBJC_ARC = YES;
				CLANG_WARN_BOOL_CONVERSION = YES;
				CLANG_WARN_CONSTANT_CONVERSION = YES;
				CLANG_WARN_DIRECT_OBJC_ISA_USAGE = YES_ERROR;
				CLANG_WARN_EMPTY_BODY = YES;
				CLANG_WARN_ENUM_CONVERSION = YES;
				CLANG_WARN_INT_CONVERSION = YES;
				CLANG_WARN_OBJC_ROOT_CLASS = YES_ERROR;
				CLANG_WARN_UNREACHABLE_CODE = YES;
				CLANG_WARN__DUPLICATE_METHOD_MATCH = YES;
				COPY_PHASE_STRIP = YES;
				DEBUG_INFORMATION_FORMAT = "dwarf-with-dsym";
				ENABLE_NS_ASSERTIONS = NO;
				ENABLE_STRICT_OBJC_MSGSEND = YES;
				GCC_C_LANGUAGE_STANDARD = gnu99;
				GCC_WARN_64_TO_32_BIT_CONVERSION = YES;
				GCC_WARN_ABOUT_RETURN_TYPE = YES_ERROR;
				GCC_WARN_UNDECLARED_SELECTOR = YES;
				GCC_WARN_UNINITIALIZED_AUTOS = YES_AGGRESSIVE;
				GCC_WARN_UNUSED_FUNCTION = YES;
				GCC_WARN_UNUSED_VARIABLE = YES;
				MACOSX_DEPLOYMENT_TARGET = 10.9;
				METAL_ENABLE_DEBUG_INFO = NO;
				SDKROOT = macosx;
			};
			name = Release;
		};
		C66817B1193E38BE00B23C92 /* Debug */ = {
			isa = XCBuildConfiguration;
			buildSettings = {
				PRODUCT_NAME = "$(TARGET_NAME)";
			};
			name = Debug;
		};
		C66817B2193E38BE00B23C92 /* Release */ = {
			isa = XCBuildConfiguration;
			buildSettings = {
				PRODUCT_NAME = "$(TARGET_NAME)";
			};
			name = Release;
		};
/* End XCBuildConfiguration section */

/* Begin XCConfigurationList section */
		C66817A4193E38BE00B23C92 /* Build configuration list for PBXProject "Hummingbird" */ = {
			isa = XCConfigurationList;
			buildConfigurations = (
				C66817AE193E38BE00B23C92 /* Debug */,
				C66817AF193E38BE00B23C92 /* Release */,
			);
			defaultConfigurationIsVisible = 0;
			defaultConfigurationName = Release;
		};
		C66817B0193E38BE00B23C92 /* Build configuration list for PBXNativeTarget "Hummingbird" */ = {
			isa = XCConfigurationList;
			buildConfigurations = (
				C66817B1193E38BE00B23C92 /* Debug */,
				C66817B2193E38BE00B23C92 /* Release */,
			);
			defaultConfigurationIsVisible = 0;
			defaultConfigurationName = Release;
		};
/* End XCConfigurationList section */
	};
	rootObject = C66817A1193E38BE00B23C92 /* Project object */;
}
